// !$*UTF8*$!
{
	archiveVersion = 1;
	classes = {
	};
	objectVersion = 50;
	objects = {

/* Begin PBXBuildFile section */
		2D1938292590767700FF5FA8 /* C.wav in Resources */ = {isa = PBXBuildFile; fileRef = 2D1938222590767700FF5FA8 /* C.wav */; };
		2D19382A2590767700FF5FA8 /* A.wav in Resources */ = {isa = PBXBuildFile; fileRef = 2D1938232590767700FF5FA8 /* A.wav */; };
		2D19382B2590767700FF5FA8 /* F.wav in Resources */ = {isa = PBXBuildFile; fileRef = 2D1938242590767700FF5FA8 /* F.wav */; };
		2D19382C2590767700FF5FA8 /* G.wav in Resources */ = {isa = PBXBuildFile; fileRef = 2D1938252590767700FF5FA8 /* G.wav */; };
		2D19382D2590767700FF5FA8 /* E.wav in Resources */ = {isa = PBXBuildFile; fileRef = 2D1938262590767700FF5FA8 /* E.wav */; };
		2D19382E2590767700FF5FA8 /* D.wav in Resources */ = {isa = PBXBuildFile; fileRef = 2D1938272590767700FF5FA8 /* D.wav */; };
		2D19382F2590767700FF5FA8 /* B.wav in Resources */ = {isa = PBXBuildFile; fileRef = 2D1938282590767700FF5FA8 /* B.wav */; };
		2DABCCF32589B99700E1F9E8 /* AppDelegate.swift in Sources */ = {isa = PBXBuildFile; fileRef = 2DABCCF22589B99700E1F9E8 /* AppDelegate.swift */; };
		2DABCCF52589B99700E1F9E8 /* SceneDelegate.swift in Sources */ = {isa = PBXBuildFile; fileRef = 2DABCCF42589B99700E1F9E8 /* SceneDelegate.swift */; };
		2DABCCF72589B99700E1F9E8 /* ViewController.swift in Sources */ = {isa = PBXBuildFile; fileRef = 2DABCCF62589B99700E1F9E8 /* ViewController.swift */; };
		2DABCCFA2589B99700E1F9E8 /* Main.storyboard in Resources */ = {isa = PBXBuildFile; fileRef = 2DABCCF82589B99700E1F9E8 /* Main.storyboard */; };
		2DABCCFC2589B99E00E1F9E8 /* Assets.xcassets in Resources */ = {isa = PBXBuildFile; fileRef = 2DABCCFB2589B99E00E1F9E8 /* Assets.xcassets */; };
		2DABCCFF2589B99E00E1F9E8 /* LaunchScreen.storyboard in Resources */ = {isa = PBXBuildFile; fileRef = 2DABCCFD2589B99E00E1F9E8 /* LaunchScreen.storyboard */; };
		2DABCD0A2589B99F00E1F9E8 /* Kieran_s_GlockenspielTests.swift in Sources */ = {isa = PBXBuildFile; fileRef = 2DABCD092589B99F00E1F9E8 /* Kieran_s_GlockenspielTests.swift */; };
		2DABCD152589B99F00E1F9E8 /* Kieran_s_GlockenspielUITests.swift in Sources */ = {isa = PBXBuildFile; fileRef = 2DABCD142589B99F00E1F9E8 /* Kieran_s_GlockenspielUITests.swift */; };
/* End PBXBuildFile section */

/* Begin PBXContainerItemProxy section */
		2DABCD062589B99F00E1F9E8 /* PBXContainerItemProxy */ = {
			isa = PBXContainerItemProxy;
			containerPortal = 2DABCCE72589B99600E1F9E8 /* Project object */;
			proxyType = 1;
			remoteGlobalIDString = 2DABCCEE2589B99700E1F9E8;
			remoteInfo = "Kieran's Glockenspiel";
		};
		2DABCD112589B99F00E1F9E8 /* PBXContainerItemProxy */ = {
			isa = PBXContainerItemProxy;
			containerPortal = 2DABCCE72589B99600E1F9E8 /* Project object */;
			proxyType = 1;
			remoteGlobalIDString = 2DABCCEE2589B99700E1F9E8;
			remoteInfo = "Kieran's Glockenspiel";
		};
/* End PBXContainerItemProxy section */

/* Begin PBXFileReference section */
		2D1938222590767700FF5FA8 /* C.wav */ = {isa = PBXFileReference; lastKnownFileType = audio.wav; path = C.wav; sourceTree = "<group>"; };
		2D1938232590767700FF5FA8 /* A.wav */ = {isa = PBXFileReference; lastKnownFileType = audio.wav; path = A.wav; sourceTree = "<group>"; };
		2D1938242590767700FF5FA8 /* F.wav */ = {isa = PBXFileReference; lastKnownFileType = audio.wav; path = F.wav; sourceTree = "<group>"; };
		2D1938252590767700FF5FA8 /* G.wav */ = {isa = PBXFileReference; lastKnownFileType = audio.wav; path = G.wav; sourceTree = "<group>"; };
		2D1938262590767700FF5FA8 /* E.wav */ = {isa = PBXFileReference; lastKnownFileType = audio.wav; path = E.wav; sourceTree = "<group>"; };
		2D1938272590767700FF5FA8 /* D.wav */ = {isa = PBXFileReference; lastKnownFileType = audio.wav; path = D.wav; sourceTree = "<group>"; };
		2D1938282590767700FF5FA8 /* B.wav */ = {isa = PBXFileReference; lastKnownFileType = audio.wav; path = B.wav; sourceTree = "<group>"; };
		2DABCCEF2589B99700E1F9E8 /* Kieran's Glockenspiel.app */ = {isa = PBXFileReference; explicitFileType = wrapper.application; includeInIndex = 0; path = "Kieran's Glockenspiel.app"; sourceTree = BUILT_PRODUCTS_DIR; };
		2DABCCF22589B99700E1F9E8 /* AppDelegate.swift */ = {isa = PBXFileReference; lastKnownFileType = sourcecode.swift; path = AppDelegate.swift; sourceTree = "<group>"; };
		2DABCCF42589B99700E1F9E8 /* SceneDelegate.swift */ = {isa = PBXFileReference; lastKnownFileType = sourcecode.swift; path = SceneDelegate.swift; sourceTree = "<group>"; };
		2DABCCF62589B99700E1F9E8 /* ViewController.swift */ = {isa = PBXFileReference; lastKnownFileType = sourcecode.swift; path = ViewController.swift; sourceTree = "<group>"; };
		2DABCCF92589B99700E1F9E8 /* Base */ = {isa = PBXFileReference; lastKnownFileType = file.storyboard; name = Base; path = Base.lproj/Main.storyboard; sourceTree = "<group>"; };
		2DABCCFB2589B99E00E1F9E8 /* Assets.xcassets */ = {isa = PBXFileReference; lastKnownFileType = folder.assetcatalog; path = Assets.xcassets; sourceTree = "<group>"; };
		2DABCCFE2589B99E00E1F9E8 /* Base */ = {isa = PBXFileReference; lastKnownFileType = file.storyboard; name = Base; path = Base.lproj/LaunchScreen.storyboard; sourceTree = "<group>"; };
		2DABCD002589B99E00E1F9E8 /* Info.plist */ = {isa = PBXFileReference; lastKnownFileType = text.plist.xml; path = Info.plist; sourceTree = "<group>"; };
		2DABCD052589B99F00E1F9E8 /* Kieran's GlockenspielTests.xctest */ = {isa = PBXFileReference; explicitFileType = wrapper.cfbundle; includeInIndex = 0; path = "Kieran's GlockenspielTests.xctest"; sourceTree = BUILT_PRODUCTS_DIR; };
		2DABCD092589B99F00E1F9E8 /* Kieran_s_GlockenspielTests.swift */ = {isa = PBXFileReference; lastKnownFileType = sourcecode.swift; path = Kieran_s_GlockenspielTests.swift; sourceTree = "<group>"; };
		2DABCD0B2589B99F00E1F9E8 /* Info.plist */ = {isa = PBXFileReference; lastKnownFileType = text.plist.xml; path = Info.plist; sourceTree = "<group>"; };
		2DABCD102589B99F00E1F9E8 /* Kieran's GlockenspielUITests.xctest */ = {isa = PBXFileReference; explicitFileType = wrapper.cfbundle; includeInIndex = 0; path = "Kieran's GlockenspielUITests.xctest"; sourceTree = BUILT_PRODUCTS_DIR; };
		2DABCD142589B99F00E1F9E8 /* Kieran_s_GlockenspielUITests.swift */ = {isa = PBXFileReference; lastKnownFileType = sourcecode.swift; path = Kieran_s_GlockenspielUITests.swift; sourceTree = "<group>"; };
		2DABCD162589B99F00E1F9E8 /* Info.plist */ = {isa = PBXFileReference; lastKnownFileType = text.plist.xml; path = Info.plist; sourceTree = "<group>"; };
/* End PBXFileReference section */

/* Begin PBXFrameworksBuildPhase section */
		2DABCCEC2589B99700E1F9E8 /* Frameworks */ = {
			isa = PBXFrameworksBuildPhase;
			buildActionMask = 2147483647;
			files = (
			);
			runOnlyForDeploymentPostprocessing = 0;
		};
		2DABCD022589B99F00E1F9E8 /* Frameworks */ = {
			isa = PBXFrameworksBuildPhase;
			buildActionMask = 2147483647;
			files = (
			);
			runOnlyForDeploymentPostprocessing = 0;
		};
		2DABCD0D2589B99F00E1F9E8 /* Frameworks */ = {
			isa = PBXFrameworksBuildPhase;
			buildActionMask = 2147483647;
			files = (
			);
			runOnlyForDeploymentPostprocessing = 0;
		};
/* End PBXFrameworksBuildPhase section */

/* Begin PBXGroup section */
		2D1938212590766500FF5FA8 /* Sound */ = {
			isa = PBXGroup;
			children = (
				2D1938232590767700FF5FA8 /* A.wav */,
				2D1938282590767700FF5FA8 /* B.wav */,
				2D1938222590767700FF5FA8 /* C.wav */,
				2D1938272590767700FF5FA8 /* D.wav */,
				2D1938262590767700FF5FA8 /* E.wav */,
				2D1938242590767700FF5FA8 /* F.wav */,
				2D1938252590767700FF5FA8 /* G.wav */,
			);
			path = Sound;
			sourceTree = "<group>";
		};
		2DABCCE62589B99600E1F9E8 = {
			isa = PBXGroup;
			children = (
				2D1938212590766500FF5FA8 /* Sound */,
				2DABCCF12589B99700E1F9E8 /* Kieran's Glockenspiel */,
				2DABCD082589B99F00E1F9E8 /* Kieran's GlockenspielTests */,
				2DABCD132589B99F00E1F9E8 /* Kieran's GlockenspielUITests */,
				2DABCCF02589B99700E1F9E8 /* Products */,
			);
			sourceTree = "<group>";
		};
		2DABCCF02589B99700E1F9E8 /* Products */ = {
			isa = PBXGroup;
			children = (
				2DABCCEF2589B99700E1F9E8 /* Kieran's Glockenspiel.app */,
				2DABCD052589B99F00E1F9E8 /* Kieran's GlockenspielTests.xctest */,
				2DABCD102589B99F00E1F9E8 /* Kieran's GlockenspielUITests.xctest */,
			);
			name = Products;
			sourceTree = "<group>";
		};
		2DABCCF12589B99700E1F9E8 /* Kieran's Glockenspiel */ = {
			isa = PBXGroup;
			children = (
				2DABCCF22589B99700E1F9E8 /* AppDelegate.swift */,
				2DABCCF42589B99700E1F9E8 /* SceneDelegate.swift */,
				2DABCCF62589B99700E1F9E8 /* ViewController.swift */,
				2DABCCF82589B99700E1F9E8 /* Main.storyboard */,
				2DABCCFB2589B99E00E1F9E8 /* Assets.xcassets */,
				2DABCCFD2589B99E00E1F9E8 /* LaunchScreen.storyboard */,
				2DABCD002589B99E00E1F9E8 /* Info.plist */,
			);
			path = "Kieran's Glockenspiel";
			sourceTree = "<group>";
		};
		2DABCD082589B99F00E1F9E8 /* Kieran's GlockenspielTests */ = {
			isa = PBXGroup;
			children = (
				2DABCD092589B99F00E1F9E8 /* Kieran_s_GlockenspielTests.swift */,
				2DABCD0B2589B99F00E1F9E8 /* Info.plist */,
			);
			path = "Kieran's GlockenspielTests";
			sourceTree = "<group>";
		};
		2DABCD132589B99F00E1F9E8 /* Kieran's GlockenspielUITests */ = {
			isa = PBXGroup;
			children = (
				2DABCD142589B99F00E1F9E8 /* Kieran_s_GlockenspielUITests.swift */,
				2DABCD162589B99F00E1F9E8 /* Info.plist */,
			);
			path = "Kieran's GlockenspielUITests";
			sourceTree = "<group>";
		};
/* End PBXGroup section */

/* Begin PBXNativeTarget section */
		2DABCCEE2589B99700E1F9E8 /* Kieran's Glockenspiel */ = {
			isa = PBXNativeTarget;
			buildConfigurationList = 2DABCD192589B99F00E1F9E8 /* Build configuration list for PBXNativeTarget "Kieran's Glockenspiel" */;
			buildPhases = (
				2DABCCEB2589B99700E1F9E8 /* Sources */,
				2DABCCEC2589B99700E1F9E8 /* Frameworks */,
				2DABCCED2589B99700E1F9E8 /* Resources */,
			);
			buildRules = (
			);
			dependencies = (
			);
			name = "Kieran's Glockenspiel";
			productName = "Kieran's Glockenspiel";
			productReference = 2DABCCEF2589B99700E1F9E8 /* Kieran's Glockenspiel.app */;
			productType = "com.apple.product-type.application";
		};
		2DABCD042589B99F00E1F9E8 /* Kieran's GlockenspielTests */ = {
			isa = PBXNativeTarget;
			buildConfigurationList = 2DABCD1C2589B99F00E1F9E8 /* Build configuration list for PBXNativeTarget "Kieran's GlockenspielTests" */;
			buildPhases = (
				2DABCD012589B99F00E1F9E8 /* Sources */,
				2DABCD022589B99F00E1F9E8 /* Frameworks */,
				2DABCD032589B99F00E1F9E8 /* Resources */,
			);
			buildRules = (
			);
			dependencies = (
				2DABCD072589B99F00E1F9E8 /* PBXTargetDependency */,
			);
			name = "Kieran's GlockenspielTests";
			productName = "Kieran's GlockenspielTests";
			productReference = 2DABCD052589B99F00E1F9E8 /* Kieran's GlockenspielTests.xctest */;
			productType = "com.apple.product-type.bundle.unit-test";
		};
		2DABCD0F2589B99F00E1F9E8 /* Kieran's GlockenspielUITests */ = {
			isa = PBXNativeTarget;
			buildConfigurationList = 2DABCD1F2589B99F00E1F9E8 /* Build configuration list for PBXNativeTarget "Kieran's GlockenspielUITests" */;
			buildPhases = (
				2DABCD0C2589B99F00E1F9E8 /* Sources */,
				2DABCD0D2589B99F00E1F9E8 /* Frameworks */,
				2DABCD0E2589B99F00E1F9E8 /* Resources */,
			);
			buildRules = (
			);
			dependencies = (
				2DABCD122589B99F00E1F9E8 /* PBXTargetDependency */,
			);
			name = "Kieran's GlockenspielUITests";
			productName = "Kieran's GlockenspielUITests";
			productReference = 2DABCD102589B99F00E1F9E8 /* Kieran's GlockenspielUITests.xctest */;
			productType = "com.apple.product-type.bundle.ui-testing";
		};
/* End PBXNativeTarget section */

/* Begin PBXProject section */
		2DABCCE72589B99600E1F9E8 /* Project object */ = {
			isa = PBXProject;
			attributes = {
				LastSwiftUpdateCheck = 1160;
				LastUpgradeCheck = 1160;
				ORGANIZATIONNAME = baxmanduppa;
				TargetAttributes = {
					2DABCCEE2589B99700E1F9E8 = {
						CreatedOnToolsVersion = 11.6;
					};
					2DABCD042589B99F00E1F9E8 = {
						CreatedOnToolsVersion = 11.6;
						TestTargetID = 2DABCCEE2589B99700E1F9E8;
					};
					2DABCD0F2589B99F00E1F9E8 = {
						CreatedOnToolsVersion = 11.6;
						TestTargetID = 2DABCCEE2589B99700E1F9E8;
					};
				};
			};
			buildConfigurationList = 2DABCCEA2589B99600E1F9E8 /* Build configuration list for PBXProject "Kieran's Glockenspiel" */;
			compatibilityVersion = "Xcode 9.3";
			developmentRegion = en;
			hasScannedForEncodings = 0;
			knownRegions = (
				en,
				Base,
			);
			mainGroup = 2DABCCE62589B99600E1F9E8;
			productRefGroup = 2DABCCF02589B99700E1F9E8 /* Products */;
			projectDirPath = "";
			projectRoot = "";
			targets = (
				2DABCCEE2589B99700E1F9E8 /* Kieran's Glockenspiel */,
				2DABCD042589B99F00E1F9E8 /* Kieran's GlockenspielTests */,
				2DABCD0F2589B99F00E1F9E8 /* Kieran's GlockenspielUITests */,
			);
		};
/* End PBXProject section */

/* Begin PBXResourcesBuildPhase section */
		2DABCCED2589B99700E1F9E8 /* Resources */ = {
			isa = PBXResourcesBuildPhase;
			buildActionMask = 2147483647;
			files = (
				2D19382E2590767700FF5FA8 /* D.wav in Resources */,
				2D19382F2590767700FF5FA8 /* B.wav in Resources */,
				2D1938292590767700FF5FA8 /* C.wav in Resources */,
				2DABCCFF2589B99E00E1F9E8 /* LaunchScreen.storyboard in Resources */,
				2DABCCFC2589B99E00E1F9E8 /* Assets.xcassets in Resources */,
				2D19382B2590767700FF5FA8 /* F.wav in Resources */,
				2D19382C2590767700FF5FA8 /* G.wav in Resources */,
				2D19382A2590767700FF5FA8 /* A.wav in Resources */,
				2D19382D2590767700FF5FA8 /* E.wav in Resources */,
				2DABCCFA2589B99700E1F9E8 /* Main.storyboard in Resources */,
			);
			runOnlyForDeploymentPostprocessing = 0;
		};
		2DABCD032589B99F00E1F9E8 /* Resources */ = {
			isa = PBXResourcesBuildPhase;
			buildActionMask = 2147483647;
			files = (
			);
			runOnlyForDeploymentPostprocessing = 0;
		};
		2DABCD0E2589B99F00E1F9E8 /* Resources */ = {
			isa = PBXResourcesBuildPhase;
			buildActionMask = 2147483647;
			files = (
			);
			runOnlyForDeploymentPostprocessing = 0;
		};
/* End PBXResourcesBuildPhase section */

/* Begin PBXSourcesBuildPhase section */
		2DABCCEB2589B99700E1F9E8 /* Sources */ = {
			isa = PBXSourcesBuildPhase;
			buildActionMask = 2147483647;
			files = (
				2DABCCF72589B99700E1F9E8 /* ViewController.swift in Sources */,
				2DABCCF32589B99700E1F9E8 /* AppDelegate.swift in Sources */,
				2DABCCF52589B99700E1F9E8 /* SceneDelegate.swift in Sources */,
			);
			runOnlyForDeploymentPostprocessing = 0;
		};
		2DABCD012589B99F00E1F9E8 /* Sources */ = {
			isa = PBXSourcesBuildPhase;
			buildActionMask = 2147483647;
			files = (
				2DABCD0A2589B99F00E1F9E8 /* Kieran_s_GlockenspielTests.swift in Sources */,
			);
			runOnlyForDeploymentPostprocessing = 0;
		};
		2DABCD0C2589B99F00E1F9E8 /* Sources */ = {
			isa = PBXSourcesBuildPhase;
			buildActionMask = 2147483647;
			files = (
				2DABCD152589B99F00E1F9E8 /* Kieran_s_GlockenspielUITests.swift in Sources */,
			);
			runOnlyForDeploymentPostprocessing = 0;
		};
/* End PBXSourcesBuildPhase section */

/* Begin PBXTargetDependency section */
		2DABCD072589B99F00E1F9E8 /* PBXTargetDependency */ = {
			isa = PBXTargetDependency;
			target = 2DABCCEE2589B99700E1F9E8 /* Kieran's Glockenspiel */;
			targetProxy = 2DABCD062589B99F00E1F9E8 /* PBXContainerItemProxy */;
		};
		2DABCD122589B99F00E1F9E8 /* PBXTargetDependency */ = {
			isa = PBXTargetDependency;
			target = 2DABCCEE2589B99700E1F9E8 /* Kieran's Glockenspiel */;
			targetProxy = 2DABCD112589B99F00E1F9E8 /* PBXContainerItemProxy */;
		};
/* End PBXTargetDependency section */

/* Begin PBXVariantGroup section */
		2DABCCF82589B99700E1F9E8 /* Main.storyboard */ = {
			isa = PBXVariantGroup;
			children = (
				2DABCCF92589B99700E1F9E8 /* Base */,
			);
			name = Main.storyboard;
			sourceTree = "<group>";
		};
		2DABCCFD2589B99E00E1F9E8 /* LaunchScreen.storyboard */ = {
			isa = PBXVariantGroup;
			children = (
				2DABCCFE2589B99E00E1F9E8 /* Base */,
			);
			name = LaunchScreen.storyboard;
			sourceTree = "<group>";
		};
/* End PBXVariantGroup section */

/* Begin XCBuildConfiguration section */
		2DABCD172589B99F00E1F9E8 /* Debug */ = {
			isa = XCBuildConfiguration;
			buildSettings = {
				ALWAYS_SEARCH_USER_PATHS = NO;
				CLANG_ANALYZER_NONNULL = YES;
				CLANG_ANALYZER_NUMBER_OBJECT_CONVERSION = YES_AGGRESSIVE;
				CLANG_CXX_LANGUAGE_STANDARD = "gnu++14";
				CLANG_CXX_LIBRARY = "libc++";
				CLANG_ENABLE_MODULES = YES;
				CLANG_ENABLE_OBJC_ARC = YES;
				CLANG_ENABLE_OBJC_WEAK = YES;
				CLANG_WARN_BLOCK_CAPTURE_AUTORELEASING = YES;
				CLANG_WARN_BOOL_CONVERSION = YES;
				CLANG_WARN_COMMA = YES;
				CLANG_WARN_CONSTANT_CONVERSION = YES;
				CLANG_WARN_DEPRECATED_OBJC_IMPLEMENTATIONS = YES;
				CLANG_WARN_DIRECT_OBJC_ISA_USAGE = YES_ERROR;
				CLANG_WARN_DOCUMENTATION_COMMENTS = YES;
				CLANG_WARN_EMPTY_BODY = YES;
				CLANG_WARN_ENUM_CONVERSION = YES;
				CLANG_WARN_INFINITE_RECURSION = YES;
				CLANG_WARN_INT_CONVERSION = YES;
				CLANG_WARN_NON_LITERAL_NULL_CONVERSION = YES;
				CLANG_WARN_OBJC_IMPLICIT_RETAIN_SELF = YES;
				CLANG_WARN_OBJC_LITERAL_CONVERSION = YES;
				CLANG_WARN_OBJC_ROOT_CLASS = YES_ERROR;
				CLANG_WARN_RANGE_LOOP_ANALYSIS = YES;
				CLANG_WARN_STRICT_PROTOTYPES = YES;
				CLANG_WARN_SUSPICIOUS_MOVE = YES;
				CLANG_WARN_UNGUARDED_AVAILABILITY = YES_AGGRESSIVE;
				CLANG_WARN_UNREACHABLE_CODE = YES;
				CLANG_WARN__DUPLICATE_METHOD_MATCH = YES;
				COPY_PHASE_STRIP = NO;
				DEBUG_INFORMATION_FORMAT = dwarf;
				ENABLE_STRICT_OBJC_MSGSEND = YES;
				ENABLE_TESTABILITY = YES;
				GCC_C_LANGUAGE_STANDARD = gnu11;
				GCC_DYNAMIC_NO_PIC = NO;
				GCC_NO_COMMON_BLOCKS = YES;
				GCC_OPTIMIZATION_LEVEL = 0;
				GCC_PREPROCESSOR_DEFINITIONS = (
					"DEBUG=1",
					"$(inherited)",
				);
				GCC_WARN_64_TO_32_BIT_CONVERSION = YES;
				GCC_WARN_ABOUT_RETURN_TYPE = YES_ERROR;
				GCC_WARN_UNDECLARED_SELECTOR = YES;
				GCC_WARN_UNINITIALIZED_AUTOS = YES_AGGRESSIVE;
				GCC_WARN_UNUSED_FUNCTION = YES;
				GCC_WARN_UNUSED_VARIABLE = YES;
				IPHONEOS_DEPLOYMENT_TARGET = 13.6;
				MTL_ENABLE_DEBUG_INFO = INCLUDE_SOURCE;
				MTL_FAST_MATH = YES;
				ONLY_ACTIVE_ARCH = YES;
				SDKROOT = iphoneos;
				SWIFT_ACTIVE_COMPILATION_CONDITIONS = DEBUG;
				SWIFT_OPTIMIZATION_LEVEL = "-Onone";
			};
			name = Debug;
		};
		2DABCD182589B99F00E1F9E8 /* Release */ = {
			isa = XCBuildConfiguration;
			buildSettings = {
				ALWAYS_SEARCH_USER_PATHS = NO;
				CLANG_ANALYZER_NONNULL = YES;
				CLANG_ANALYZER_NUMBER_OBJECT_CONVERSION = YES_AGGRESSIVE;
				CLANG_CXX_LANGUAGE_STANDARD = "gnu++14";
				CLANG_CXX_LIBRARY = "libc++";
				CLANG_ENABLE_MODULES = YES;
				CLANG_ENABLE_OBJC_ARC = YES;
				CLANG_ENABLE_OBJC_WEAK = YES;
				CLANG_WARN_BLOCK_CAPTURE_AUTORELEASING = YES;
				CLANG_WARN_BOOL_CONVERSION = YES;
				CLANG_WARN_COMMA = YES;
				CLANG_WARN_CONSTANT_CONVERSION = YES;
				CLANG_WARN_DEPRECATED_OBJC_IMPLEMENTATIONS = YES;
				CLANG_WARN_DIRECT_OBJC_ISA_USAGE = YES_ERROR;
				CLANG_WARN_DOCUMENTATION_COMMENTS = YES;
				CLANG_WARN_EMPTY_BODY = YES;
				CLANG_WARN_ENUM_CONVERSION = YES;
				CLANG_WARN_INFINITE_RECURSION = YES;
				CLANG_WARN_INT_CONVERSION = YES;
				CLANG_WARN_NON_LITERAL_NULL_CONVERSION = YES;
				CLANG_WARN_OBJC_IMPLICIT_RETAIN_SELF = YES;
				CLANG_WARN_OBJC_LITERAL_CONVERSION = YES;
				CLANG_WARN_OBJC_ROOT_CLASS = YES_ERROR;
				CLANG_WARN_RANGE_LOOP_ANALYSIS = YES;
				CLANG_WARN_STRICT_PROTOTYPES = YES;
				CLANG_WARN_SUSPICIOUS_MOVE = YES;
				CLANG_WARN_UNGUARDED_AVAILABILITY = YES_AGGRESSIVE;
				CLANG_WARN_UNREACHABLE_CODE = YES;
				CLANG_WARN__DUPLICATE_METHOD_MATCH = YES;
				COPY_PHASE_STRIP = NO;
				DEBUG_INFORMATION_FORMAT = "dwarf-with-dsym";
				ENABLE_NS_ASSERTIONS = NO;
				ENABLE_STRICT_OBJC_MSGSEND = YES;
				GCC_C_LANGUAGE_STANDARD = gnu11;
				GCC_NO_COMMON_BLOCKS = YES;
				GCC_WARN_64_TO_32_BIT_CONVERSION = YES;
				GCC_WARN_ABOUT_RETURN_TYPE = YES_ERROR;
				GCC_WARN_UNDECLARED_SELECTOR = YES;
				GCC_WARN_UNINITIALIZED_AUTOS = YES_AGGRESSIVE;
				GCC_WARN_UNUSED_FUNCTION = YES;
				GCC_WARN_UNUSED_VARIABLE = YES;
				IPHONEOS_DEPLOYMENT_TARGET = 13.6;
				MTL_ENABLE_DEBUG_INFO = NO;
				MTL_FAST_MATH = YES;
				SDKROOT = iphoneos;
				SWIFT_COMPILATION_MODE = wholemodule;
				SWIFT_OPTIMIZATION_LEVEL = "-O";
				VALIDATE_PRODUCT = YES;
			};
			name = Release;
		};
		2DABCD1A2589B99F00E1F9E8 /* Debug */ = {
			isa = XCBuildConfiguration;
			buildSettings = {
				ASSETCATALOG_COMPILER_APPICON_NAME = AppIcon;
				CODE_SIGN_STYLE = Automatic;
				INFOPLIST_FILE = "Kieran's Glockenspiel/Info.plist";
				LD_RUNPATH_SEARCH_PATHS = (
					"$(inherited)",
					"@executable_path/Frameworks",
				);
				PRODUCT_BUNDLE_IDENTIFIER = "co.baxmanduppa.Kieran-s-Glockenspiel";
				PRODUCT_NAME = "$(TARGET_NAME)";
				SWIFT_VERSION = 5.0;
				TARGETED_DEVICE_FAMILY = "1,2";
			};
			name = Debug;
		};
		2DABCD1B2589B99F00E1F9E8 /* Release */ = {
			isa = XCBuildConfiguration;
			buildSettings = {
				ASSETCATALOG_COMPILER_APPICON_NAME = AppIcon;
				CODE_SIGN_STYLE = Automatic;
				INFOPLIST_FILE = "Kieran's Glockenspiel/Info.plist";
				LD_RUNPATH_SEARCH_PATHS = (
					"$(inherited)",
					"@executable_path/Frameworks",
				);
				PRODUCT_BUNDLE_IDENTIFIER = "co.baxmanduppa.Kieran-s-Glockenspiel";
				PRODUCT_NAME = "$(TARGET_NAME)";
				SWIFT_VERSION = 5.0;
				TARGETED_DEVICE_FAMILY = "1,2";
			};
			name = Release;
		};
		2DABCD1D2589B99F00E1F9E8 /* Debug */ = {
			isa = XCBuildConfiguration;
			buildSettings = {
				ALWAYS_EMBED_SWIFT_STANDARD_LIBRARIES = YES;
				BUNDLE_LOADER = "$(TEST_HOST)";
				CODE_SIGN_STYLE = Automatic;
				INFOPLIST_FILE = "Kieran's GlockenspielTests/Info.plist";
				IPHONEOS_DEPLOYMENT_TARGET = 13.6;
				LD_RUNPATH_SEARCH_PATHS = (
					"$(inherited)",
					"@executable_path/Frameworks",
					"@loader_path/Frameworks",
				);
				PRODUCT_BUNDLE_IDENTIFIER = "co.baxmanduppa.Kieran-s-GlockenspielTests";
				PRODUCT_NAME = "$(TARGET_NAME)";
				SWIFT_VERSION = 5.0;
				TARGETED_DEVICE_FAMILY = "1,2";
				TEST_HOST = "$(BUILT_PRODUCTS_DIR)/Kieran's Glockenspiel.app/Kieran's Glockenspiel";
			};
			name = Debug;
		};
		2DABCD1E2589B99F00E1F9E8 /* Release */ = {
			isa = XCBuildConfiguration;
			buildSettings = {
				ALWAYS_EMBED_SWIFT_STANDARD_LIBRARIES = YES;
				BUNDLE_LOADER = "$(TEST_HOST)";
				CODE_SIGN_STYLE = Automatic;
				INFOPLIST_FILE = "Kieran's GlockenspielTests/Info.plist";
				IPHONEOS_DEPLOYMENT_TARGET = 13.6;
				LD_RUNPATH_SEARCH_PATHS = (
					"$(inherited)",
					"@executable_path/Frameworks",
					"@loader_path/Frameworks",
				);
				PRODUCT_BUNDLE_IDENTIFIER = "co.baxmanduppa.Kieran-s-GlockenspielTests";
				PRODUCT_NAME = "$(TARGET_NAME)";
				SWIFT_VERSION = 5.0;
				TARGETED_DEVICE_FAMILY = "1,2";
				TEST_HOST = "$(BUILT_PRODUCTS_DIR)/Kieran's Glockenspiel.app/Kieran's Glockenspiel";
			};
			name = Release;
		};
		2DABCD202589B99F00E1F9E8 /* Debug */ = {
			isa = XCBuildConfiguration;
			buildSettings = {
				ALWAYS_EMBED_SWIFT_STANDARD_LIBRARIES = YES;
				CODE_SIGN_STYLE = Automatic;
				INFOPLIST_FILE = "Kieran's GlockenspielUITests/Info.plist";
				LD_RUNPATH_SEARCH_PATHS = (
					"$(inherited)",
					"@executable_path/Frameworks",
					"@loader_path/Frameworks",
				);
				PRODUCT_BUNDLE_IDENTIFIER = "co.baxmanduppa.Kieran-s-GlockenspielUITests";
				PRODUCT_NAME = "$(TARGET_NAME)";
				SWIFT_VERSION = 5.0;
				TARGETED_DEVICE_FAMILY = "1,2";
				TEST_TARGET_NAME = "Kieran's Glockenspiel";
			};
			name = Debug;
		};
		2DABCD212589B99F00E1F9E8 /* Release */ = {
			isa = XCBuildConfiguration;
			buildSettings = {
				ALWAYS_EMBED_SWIFT_STANDARD_LIBRARIES = YES;
				CODE_SIGN_STYLE = Automatic;
				INFOPLIST_FILE = "Kieran's GlockenspielUITests/Info.plist";
				LD_RUNPATH_SEARCH_PATHS = (
					"$(inherited)",
					"@executable_path/Frameworks",
					"@loader_path/Frameworks",
				);
				PRODUCT_BUNDLE_IDENTIFIER = "co.baxmanduppa.Kieran-s-GlockenspielUITests";
				PRODUCT_NAME = "$(TARGET_NAME)";
				SWIFT_VERSION = 5.0;
				TARGETED_DEVICE_FAMILY = "1,2";
				TEST_TARGET_NAME = "Kieran's Glockenspiel";
			};
			name = Release;
		};
/* End XCBuildConfiguration section */

/* Begin XCConfigurationList section */
		2DABCCEA2589B99600E1F9E8 /* Build configuration list for PBXProject "Kieran's Glockenspiel" */ = {
			isa = XCConfigurationList;
			buildConfigurations = (
				2DABCD172589B99F00E1F9E8 /* Debug */,
				2DABCD182589B99F00E1F9E8 /* Release */,
			);
			defaultConfigurationIsVisible = 0;
			defaultConfigurationName = Release;
		};
		2DABCD192589B99F00E1F9E8 /* Build configuration list for PBXNativeTarget "Kieran's Glockenspiel" */ = {
			isa = XCConfigurationList;
			buildConfigurations = (
				2DABCD1A2589B99F00E1F9E8 /* Debug */,
				2DABCD1B2589B99F00E1F9E8 /* Release */,
			);
			defaultConfigurationIsVisible = 0;
			defaultConfigurationName = Release;
		};
		2DABCD1C2589B99F00E1F9E8 /* Build configuration list for PBXNativeTarget "Kieran's GlockenspielTests" */ = {
			isa = XCConfigurationList;
			buildConfigurations = (
				2DABCD1D2589B99F00E1F9E8 /* Debug */,
				2DABCD1E2589B99F00E1F9E8 /* Release */,
			);
			defaultConfigurationIsVisible = 0;
			defaultConfigurationName = Release;
		};
		2DABCD1F2589B99F00E1F9E8 /* Build configuration list for PBXNativeTarget "Kieran's GlockenspielUITests" */ = {
			isa = XCConfigurationList;
			buildConfigurations = (
				2DABCD202589B99F00E1F9E8 /* Debug */,
				2DABCD212589B99F00E1F9E8 /* Release */,
			);
			defaultConfigurationIsVisible = 0;
			defaultConfigurationName = Release;
		};
/* End XCConfigurationList section */
	};
	rootObject = 2DABCCE72589B99600E1F9E8 /* Project object */;
}
